
Microsoft Visual Studio Solution File, Format Version 12.00
# Visual Studio Version 17
VisualStudioVersion = 17.0.31903.59
MinimumVisualStudioVersion = 10.0.40219.1
Project("{2150E333-8FDC-42A3-9474-1A3956D46DE8}") = "src", "src", "{8ED75CF7-A3D6-423D-8499-9316DD413DAD}"
EndProject
Project("{FAE04EC0-301F-11D3-BF4B-00C04F79EFBC}") = "DotRecast.Core", "src\DotRecast.Core\DotRecast.Core.csproj", "{C19E4BFA-63A0-4815-9815-869A9DC52DBC}"
EndProject
Project("{FAE04EC0-301F-11D3-BF4B-00C04F79EFBC}") = "DotRecast.Recast", "src\DotRecast.Recast\DotRecast.Recast.csproj", "{38933A87-4568-40A5-A3DA-E2445E8C2B99}"
EndProject
Project("{FAE04EC0-301F-11D3-BF4B-00C04F79EFBC}") = "DotRecast.Detour", "src\DotRecast.Detour\DotRecast.Detour.csproj", "{FFE40BBF-843B-41FA-8504-F4ABD166762E}"
EndProject
Project("{FAE04EC0-301F-11D3-BF4B-00C04F79EFBC}") = "DotRecast.Detour.Crowd", "src\DotRecast.Detour.Crowd\DotRecast.Detour.Crowd.csproj", "{FA7EF26A-BA47-43FD-86F8-0A33CFDF643F}"
EndProject
Project("{FAE04EC0-301F-11D3-BF4B-00C04F79EFBC}") = "DotRecast.Detour.Dynamic", "src\DotRecast.Detour.Dynamic\DotRecast.Detour.Dynamic.csproj", "{53AF87DA-37F8-4504-B623-B2113F4438CA}"
EndProject
Project("{FAE04EC0-301F-11D3-BF4B-00C04F79EFBC}") = "DotRecast.Detour.Extras", "src\DotRecast.Detour.Extras\DotRecast.Detour.Extras.csproj", "{17E4F2F0-FC27-416E-9CB6-9F2CAAC49C9D}"
EndProject
Project("{FAE04EC0-301F-11D3-BF4B-00C04F79EFBC}") = "DotRecast.Detour.TileCache", "src\DotRecast.Detour.TileCache\DotRecast.Detour.TileCache.csproj", "{DEB16B90-CCD4-497E-A2E9-4CC66FD7EF47}"
EndProject
Project("{2150E333-8FDC-42A3-9474-1A3956D46DE8}") = "test", "test", "{A7CB8D8B-70DA-4567-8316-0659FCAE1C73}"
EndProject
Project("{FAE04EC0-301F-11D3-BF4B-00C04F79EFBC}") = "DotRecast.Recast.Test", "test\DotRecast.Recast.Test\DotRecast.Recast.Test.csproj", "{88754FE2-A05A-4D4D-A81A-90418AD32362}"
EndProject
Project("{FAE04EC0-301F-11D3-BF4B-00C04F79EFBC}") = "DotRecast.Detour.Test", "test\DotRecast.Detour.Test\DotRecast.Detour.Test.csproj", "{554CB5BD-D58A-4856-BFE1-666A62C9BEA3}"
EndProject
Project("{FAE04EC0-301F-11D3-BF4B-00C04F79EFBC}") = "DotRecast.Detour.Crowd.Test", "test\DotRecast.Detour.Crowd.Test\DotRecast.Detour.Crowd.Test.csproj", "{F9C5B52E-C01D-4514-94E9-B1A6895352E2}"
EndProject
Project("{FAE04EC0-301F-11D3-BF4B-00C04F79EFBC}") = "DotRecast.Detour.Dynamic.Test", "test\DotRecast.Detour.Dynamic.Test\DotRecast.Detour.Dynamic.Test.csproj", "{67C68B34-118A-439C-88E1-D6D1ED78DC59}"
EndProject
Project("{FAE04EC0-301F-11D3-BF4B-00C04F79EFBC}") = "DotRecast.Detour.Extras.Test", "test\DotRecast.Detour.Extras.Test\DotRecast.Detour.Extras.Test.csproj", "{7BAA69B2-EDC7-4603-B16F-BC7B24353F81}"
EndProject
Project("{FAE04EC0-301F-11D3-BF4B-00C04F79EFBC}") = "DotRecast.Detour.TileCache.Test", "test\DotRecast.Detour.TileCache.Test\DotRecast.Detour.TileCache.Test.csproj", "{3CAA7306-088E-4373-A406-99755CC2B605}"
EndProject
Project("{FAE04EC0-301F-11D3-BF4B-00C04F79EFBC}") = "DotRecast.Recast.Demo", "src\DotRecast.Recast.Demo\DotRecast.Recast.Demo.csproj", "{023E1E6A-4895-4573-89AE-3D5D8E0B39C8}"
EndProject
Project("{2150E333-8FDC-42A3-9474-1A3956D46DE8}") = "tools", "tools", "{65754308-3C9B-4544-9D7B-F2C16A4E2486}"
EndProject
Project("{FAE04EC0-301F-11D3-BF4B-00C04F79EFBC}") = "ConvertVector", "tools\ConvertVector\ConvertVector.csproj", "{2E7E2C58-BCA3-4590-BA9D-0872DE546DBD}"
EndProject
Project("{FAE04EC0-301F-11D3-BF4B-00C04F79EFBC}") = "DotRecast.Recast.DemoTool", "src\DotRecast.Recast.DemoTool\DotRecast.Recast.DemoTool.csproj", "{DF987948-8C23-4337-AF83-D87D6407518D}"
EndProject
Global
	GlobalSection(SolutionConfigurationPlatforms) = preSolution
		Debug|Any CPU = Debug|Any CPU
		Release|Any CPU = Release|Any CPU
	EndGlobalSection
	GlobalSection(SolutionProperties) = preSolution
		HideSolutionNode = FALSE
	EndGlobalSection
	GlobalSection(ProjectConfigurationPlatforms) = postSolution
		{FFE40BBF-843B-41FA-8504-F4ABD166762E}.Debug|Any CPU.ActiveCfg = Debug|Any CPU
		{FFE40BBF-843B-41FA-8504-F4ABD166762E}.Debug|Any CPU.Build.0 = Debug|Any CPU
		{FFE40BBF-843B-41FA-8504-F4ABD166762E}.Release|Any CPU.ActiveCfg = Release|Any CPU
		{FFE40BBF-843B-41FA-8504-F4ABD166762E}.Release|Any CPU.Build.0 = Release|Any CPU
		{38933A87-4568-40A5-A3DA-E2445E8C2B99}.Debug|Any CPU.ActiveCfg = Debug|Any CPU
		{38933A87-4568-40A5-A3DA-E2445E8C2B99}.Debug|Any CPU.Build.0 = Debug|Any CPU
		{38933A87-4568-40A5-A3DA-E2445E8C2B99}.Release|Any CPU.ActiveCfg = Release|Any CPU
		{38933A87-4568-40A5-A3DA-E2445E8C2B99}.Release|Any CPU.Build.0 = Release|Any CPU
		{C19E4BFA-63A0-4815-9815-869A9DC52DBC}.Debug|Any CPU.ActiveCfg = Debug|Any CPU
		{C19E4BFA-63A0-4815-9815-869A9DC52DBC}.Debug|Any CPU.Build.0 = Debug|Any CPU
		{C19E4BFA-63A0-4815-9815-869A9DC52DBC}.Release|Any CPU.ActiveCfg = Release|Any CPU
		{C19E4BFA-63A0-4815-9815-869A9DC52DBC}.Release|Any CPU.Build.0 = Release|Any CPU
		{88754FE2-A05A-4D4D-A81A-90418AD32362}.Debug|Any CPU.ActiveCfg = Debug|Any CPU
		{88754FE2-A05A-4D4D-A81A-90418AD32362}.Debug|Any CPU.Build.0 = Debug|Any CPU
		{88754FE2-A05A-4D4D-A81A-90418AD32362}.Release|Any CPU.ActiveCfg = Release|Any CPU
		{88754FE2-A05A-4D4D-A81A-90418AD32362}.Release|Any CPU.Build.0 = Release|Any CPU
		{554CB5BD-D58A-4856-BFE1-666A62C9BEA3}.Debug|Any CPU.ActiveCfg = Debug|Any CPU
		{554CB5BD-D58A-4856-BFE1-666A62C9BEA3}.Debug|Any CPU.Build.0 = Debug|Any CPU
		{554CB5BD-D58A-4856-BFE1-666A62C9BEA3}.Release|Any CPU.ActiveCfg = Release|Any CPU
		{554CB5BD-D58A-4856-BFE1-666A62C9BEA3}.Release|Any CPU.Build.0 = Release|Any CPU
		{FA7EF26A-BA47-43FD-86F8-0A33CFDF643F}.Debug|Any CPU.ActiveCfg = Debug|Any CPU
		{FA7EF26A-BA47-43FD-86F8-0A33CFDF643F}.Debug|Any CPU.Build.0 = Debug|Any CPU
		{FA7EF26A-BA47-43FD-86F8-0A33CFDF643F}.Release|Any CPU.ActiveCfg = Release|Any CPU
		{FA7EF26A-BA47-43FD-86F8-0A33CFDF643F}.Release|Any CPU.Build.0 = Release|Any CPU
		{F9C5B52E-C01D-4514-94E9-B1A6895352E2}.Debug|Any CPU.ActiveCfg = Debug|Any CPU
		{F9C5B52E-C01D-4514-94E9-B1A6895352E2}.Debug|Any CPU.Build.0 = Debug|Any CPU
		{F9C5B52E-C01D-4514-94E9-B1A6895352E2}.Release|Any CPU.ActiveCfg = Release|Any CPU
		{F9C5B52E-C01D-4514-94E9-B1A6895352E2}.Release|Any CPU.Build.0 = Release|Any CPU
		{53AF87DA-37F8-4504-B623-B2113F4438CA}.Debug|Any CPU.ActiveCfg = Debug|Any CPU
		{53AF87DA-37F8-4504-B623-B2113F4438CA}.Debug|Any CPU.Build.0 = Debug|Any CPU
		{53AF87DA-37F8-4504-B623-B2113F4438CA}.Release|Any CPU.ActiveCfg = Release|Any CPU
		{53AF87DA-37F8-4504-B623-B2113F4438CA}.Release|Any CPU.Build.0 = Release|Any CPU
		{67C68B34-118A-439C-88E1-D6D1ED78DC59}.Debug|Any CPU.ActiveCfg = Debug|Any CPU
		{67C68B34-118A-439C-88E1-D6D1ED78DC59}.Debug|Any CPU.Build.0 = Debug|Any CPU
		{67C68B34-118A-439C-88E1-D6D1ED78DC59}.Release|Any CPU.ActiveCfg = Release|Any CPU
		{67C68B34-118A-439C-88E1-D6D1ED78DC59}.Release|Any CPU.Build.0 = Release|Any CPU
		{17E4F2F0-FC27-416E-9CB6-9F2CAAC49C9D}.Debug|Any CPU.ActiveCfg = Debug|Any CPU
		{17E4F2F0-FC27-416E-9CB6-9F2CAAC49C9D}.Debug|Any CPU.Build.0 = Debug|Any CPU
		{17E4F2F0-FC27-416E-9CB6-9F2CAAC49C9D}.Release|Any CPU.ActiveCfg = Release|Any CPU
		{17E4F2F0-FC27-416E-9CB6-9F2CAAC49C9D}.Release|Any CPU.Build.0 = Release|Any CPU
		{7BAA69B2-EDC7-4603-B16F-BC7B24353F81}.Debug|Any CPU.ActiveCfg = Debug|Any CPU
		{7BAA69B2-EDC7-4603-B16F-BC7B24353F81}.Debug|Any CPU.Build.0 = Debug|Any CPU
		{7BAA69B2-EDC7-4603-B16F-BC7B24353F81}.Release|Any CPU.ActiveCfg = Release|Any CPU
		{7BAA69B2-EDC7-4603-B16F-BC7B24353F81}.Release|Any CPU.Build.0 = Release|Any CPU
		{DEB16B90-CCD4-497E-A2E9-4CC66FD7EF47}.Debug|Any CPU.ActiveCfg = Debug|Any CPU
		{DEB16B90-CCD4-497E-A2E9-4CC66FD7EF47}.Debug|Any CPU.Build.0 = Debug|Any CPU
		{DEB16B90-CCD4-497E-A2E9-4CC66FD7EF47}.Release|Any CPU.ActiveCfg = Release|Any CPU
		{DEB16B90-CCD4-497E-A2E9-4CC66FD7EF47}.Release|Any CPU.Build.0 = Release|Any CPU
		{3CAA7306-088E-4373-A406-99755CC2B605}.Debug|Any CPU.ActiveCfg = Debug|Any CPU
		{3CAA7306-088E-4373-A406-99755CC2B605}.Debug|Any CPU.Build.0 = Debug|Any CPU
		{3CAA7306-088E-4373-A406-99755CC2B605}.Release|Any CPU.ActiveCfg = Release|Any CPU
		{3CAA7306-088E-4373-A406-99755CC2B605}.Release|Any CPU.Build.0 = Release|Any CPU
		{023E1E6A-4895-4573-89AE-3D5D8E0B39C8}.Debug|Any CPU.ActiveCfg = Debug|Any CPU
		{023E1E6A-4895-4573-89AE-3D5D8E0B39C8}.Debug|Any CPU.Build.0 = Debug|Any CPU
		{023E1E6A-4895-4573-89AE-3D5D8E0B39C8}.Release|Any CPU.ActiveCfg = Release|Any CPU
		{023E1E6A-4895-4573-89AE-3D5D8E0B39C8}.Release|Any CPU.Build.0 = Release|Any CPU
		{2E7E2C58-BCA3-4590-BA9D-0872DE546DBD}.Debug|Any CPU.ActiveCfg = Debug|Any CPU
		{2E7E2C58-BCA3-4590-BA9D-0872DE546DBD}.Debug|Any CPU.Build.0 = Debug|Any CPU
		{2E7E2C58-BCA3-4590-BA9D-0872DE546DBD}.Release|Any CPU.ActiveCfg = Release|Any CPU
		{2E7E2C58-BCA3-4590-BA9D-0872DE546DBD}.Release|Any CPU.Build.0 = Release|Any CPU
		{DF987948-8C23-4337-AF83-D87D6407518D}.Debug|Any CPU.ActiveCfg = Debug|Any CPU
		{DF987948-8C23-4337-AF83-D87D6407518D}.Debug|Any CPU.Build.0 = Debug|Any CPU
		{DF987948-8C23-4337-AF83-D87D6407518D}.Release|Any CPU.ActiveCfg = Release|Any CPU
		{DF987948-8C23-4337-AF83-D87D6407518D}.Release|Any CPU.Build.0 = Release|Any CPU
	EndGlobalSection
	GlobalSection(NestedProjects) = preSolution
		{FFE40BBF-843B-41FA-8504-F4ABD166762E} = {8ED75CF7-A3D6-423D-8499-9316DD413DAD}
		{38933A87-4568-40A5-A3DA-E2445E8C2B99} = {8ED75CF7-A3D6-423D-8499-9316DD413DAD}
		{C19E4BFA-63A0-4815-9815-869A9DC52DBC} = {8ED75CF7-A3D6-423D-8499-9316DD413DAD}
		{88754FE2-A05A-4D4D-A81A-90418AD32362} = {A7CB8D8B-70DA-4567-8316-0659FCAE1C73}
		{554CB5BD-D58A-4856-BFE1-666A62C9BEA3} = {A7CB8D8B-70DA-4567-8316-0659FCAE1C73}
		{FA7EF26A-BA47-43FD-86F8-0A33CFDF643F} = {8ED75CF7-A3D6-423D-8499-9316DD413DAD}
		{F9C5B52E-C01D-4514-94E9-B1A6895352E2} = {A7CB8D8B-70DA-4567-8316-0659FCAE1C73}
		{53AF87DA-37F8-4504-B623-B2113F4438CA} = {8ED75CF7-A3D6-423D-8499-9316DD413DAD}
		{67C68B34-118A-439C-88E1-D6D1ED78DC59} = {A7CB8D8B-70DA-4567-8316-0659FCAE1C73}
		{17E4F2F0-FC27-416E-9CB6-9F2CAAC49C9D} = {8ED75CF7-A3D6-423D-8499-9316DD413DAD}
		{7BAA69B2-EDC7-4603-B16F-BC7B24353F81} = {A7CB8D8B-70DA-4567-8316-0659FCAE1C73}
		{DEB16B90-CCD4-497E-A2E9-4CC66FD7EF47} = {8ED75CF7-A3D6-423D-8499-9316DD413DAD}
		{3CAA7306-088E-4373-A406-99755CC2B605} = {A7CB8D8B-70DA-4567-8316-0659FCAE1C73}
		{023E1E6A-4895-4573-89AE-3D5D8E0B39C8} = {8ED75CF7-A3D6-423D-8499-9316DD413DAD}
		{2E7E2C58-BCA3-4590-BA9D-0872DE546DBD} = {65754308-3C9B-4544-9D7B-F2C16A4E2486}
		{DF987948-8C23-4337-AF83-D87D6407518D} = {8ED75CF7-A3D6-423D-8499-9316DD413DAD}
	EndGlobalSection
EndGlobal
